
Microsoft Visual Studio Solution File, Format Version 12.00
# Visual Studio Version 17
VisualStudioVersion = 17.1.32228.430
MinimumVisualStudioVersion = 10.0.40219.1
Project("{9A19103F-16F7-4668-BE54-9A1E7A4F7556}") = "KetQuaSoBong", "KetQuaSoBong\KetQuaSoBong\KetQuaSoBong.csproj", "{FA506510-7778-41EE-9F0A-183790833168}"
EndProject
Project("{FAE04EC0-301F-11D3-BF4B-00C04F79EFBC}") = "KetQuaSoBong.Android", "KetQuaSoBong\KetQuaSoBong.Android\KetQuaSoBong.Android.csproj", "{AD5DBFD0-F7D8-474D-B7A3-EA7473C375EA}"
EndProject
Project("{FAE04EC0-301F-11D3-BF4B-00C04F79EFBC}") = "KetQuaSoBong.iOS", "KetQuaSoBong\KetQuaSoBong.iOS\KetQuaSoBong.iOS.csproj", "{4D58B9C5-E459-48D3-B5C5-ADA556C57731}"
EndProject
Project("{2150E333-8FDC-42A3-9474-1A3956D46DE8}") = "Platforms", "Platforms", "{BD315DB7-5143-417C-8202-9FB04DAEA934}"
EndProject
Global
	GlobalSection(SolutionConfigurationPlatforms) = preSolution
		Ad-Hoc|Any CPU = Ad-Hoc|Any CPU
		Ad-Hoc|iPhone = Ad-Hoc|iPhone
		Ad-Hoc|iPhoneSimulator = Ad-Hoc|iPhoneSimulator
		AppStore|Any CPU = AppStore|Any CPU
		AppStore|iPhone = AppStore|iPhone
		AppStore|iPhoneSimulator = AppStore|iPhoneSimulator
		Debug|Any CPU = Debug|Any CPU
		Debug|iPhone = Debug|iPhone
		Debug|iPhoneSimulator = Debug|iPhoneSimulator
		Release|Any CPU = Release|Any CPU
		Release|iPhone = Release|iPhone
		Release|iPhoneSimulator = Release|iPhoneSimulator
	EndGlobalSection
	GlobalSection(ProjectConfigurationPlatforms) = postSolution
		{FA506510-7778-41EE-9F0A-183790833168}.Ad-Hoc|Any CPU.ActiveCfg = Debug|Any CPU
		{FA506510-7778-41EE-9F0A-183790833168}.Ad-Hoc|Any CPU.Build.0 = Debug|Any CPU
		{FA506510-7778-41EE-9F0A-183790833168}.Ad-Hoc|iPhone.ActiveCfg = Debug|Any CPU
		{FA506510-7778-41EE-9F0A-183790833168}.Ad-Hoc|iPhone.Build.0 = Debug|Any CPU
		{FA506510-7778-41EE-9F0A-183790833168}.Ad-Hoc|iPhoneSimulator.ActiveCfg = Debug|Any CPU
		{FA506510-7778-41EE-9F0A-183790833168}.Ad-Hoc|iPhoneSimulator.Build.0 = Debug|Any CPU
		{FA506510-7778-41EE-9F0A-183790833168}.AppStore|Any CPU.ActiveCfg = Debug|Any CPU
		{FA506510-7778-41EE-9F0A-183790833168}.AppStore|Any CPU.Build.0 = Debug|Any CPU
		{FA506510-7778-41EE-9F0A-183790833168}.AppStore|iPhone.ActiveCfg = Debug|Any CPU
		{FA506510-7778-41EE-9F0A-183790833168}.AppStore|iPhone.Build.0 = Debug|Any CPU
		{FA506510-7778-41EE-9F0A-183790833168}.AppStore|iPhoneSimulator.ActiveCfg = Debug|Any CPU
		{FA506510-7778-41EE-9F0A-183790833168}.AppStore|iPhoneSimulator.Build.0 = Debug|Any CPU
		{FA506510-7778-41EE-9F0A-183790833168}.Debug|Any CPU.ActiveCfg = Debug|Any CPU
		{FA506510-7778-41EE-9F0A-183790833168}.Debug|Any CPU.Build.0 = Debug|Any CPU
		{FA506510-7778-41EE-9F0A-183790833168}.Debug|iPhone.ActiveCfg = Debug|Any CPU
		{FA506510-7778-41EE-9F0A-183790833168}.Debug|iPhone.Build.0 = Debug|Any CPU
		{FA506510-7778-41EE-9F0A-183790833168}.Debug|iPhoneSimulator.ActiveCfg = Debug|Any CPU
		{FA506510-7778-41EE-9F0A-183790833168}.Debug|iPhoneSimulator.Build.0 = Debug|Any CPU
		{FA506510-7778-41EE-9F0A-183790833168}.Release|Any CPU.ActiveCfg = Release|Any CPU
		{FA506510-7778-41EE-9F0A-183790833168}.Release|Any CPU.Build.0 = Release|Any CPU
		{FA506510-7778-41EE-9F0A-183790833168}.Release|iPhone.ActiveCfg = Release|Any CPU
		{FA506510-7778-41EE-9F0A-183790833168}.Release|iPhone.Build.0 = Release|Any CPU
		{FA506510-7778-41EE-9F0A-183790833168}.Release|iPhoneSimulator.ActiveCfg = Release|Any CPU
		{FA506510-7778-41EE-9F0A-183790833168}.Release|iPhoneSimulator.Build.0 = Release|Any CPU
		{AD5DBFD0-F7D8-474D-B7A3-EA7473C375EA}.Ad-Hoc|Any CPU.ActiveCfg = Debug|Any CPU
		{AD5DBFD0-F7D8-474D-B7A3-EA7473C375EA}.Ad-Hoc|Any CPU.Build.0 = Debug|Any CPU
		{AD5DBFD0-F7D8-474D-B7A3-EA7473C375EA}.Ad-Hoc|Any CPU.Deploy.0 = Debug|Any CPU
		{AD5DBFD0-F7D8-474D-B7A3-EA7473C375EA}.Ad-Hoc|iPhone.ActiveCfg = Debug|Any CPU
		{AD5DBFD0-F7D8-474D-B7A3-EA7473C375EA}.Ad-Hoc|iPhone.Build.0 = Debug|Any CPU
		{AD5DBFD0-F7D8-474D-B7A3-EA7473C375EA}.Ad-Hoc|iPhone.Deploy.0 = Debug|Any CPU
		{AD5DBFD0-F7D8-474D-B7A3-EA7473C375EA}.Ad-Hoc|iPhoneSimulator.ActiveCfg = Debug|Any CPU
		{AD5DBFD0-F7D8-474D-B7A3-EA7473C375EA}.Ad-Hoc|iPhoneSimulator.Build.0 = Debug|Any CPU
		{AD5DBFD0-F7D8-474D-B7A3-EA7473C375EA}.Ad-Hoc|iPhoneSimulator.Deploy.0 = Debug|Any CPU
		{AD5DBFD0-F7D8-474D-B7A3-EA7473C375EA}.AppStore|Any CPU.ActiveCfg = Debug|Any CPU
		{AD5DBFD0-F7D8-474D-B7A3-EA7473C375EA}.AppStore|Any CPU.Build.0 = Debug|Any CPU
		{AD5DBFD0-F7D8-474D-B7A3-EA7473C375EA}.AppStore|Any CPU.Deploy.0 = Debug|Any CPU
		{AD5DBFD0-F7D8-474D-B7A3-EA7473C375EA}.AppStore|iPhone.ActiveCfg = Debug|Any CPU
		{AD5DBFD0-F7D8-474D-B7A3-EA7473C375EA}.AppStore|iPhone.Build.0 = Debug|Any CPU
		{AD5DBFD0-F7D8-474D-B7A3-EA7473C375EA}.AppStore|iPhone.Deploy.0 = Debug|Any CPU
		{AD5DBFD0-F7D8-474D-B7A3-EA7473C375EA}.AppStore|iPhoneSimulator.ActiveCfg = Debug|Any CPU
		{AD5DBFD0-F7D8-474D-B7A3-EA7473C375EA}.AppStore|iPhoneSimulator.Build.0 = Debug|Any CPU
		{AD5DBFD0-F7D8-474D-B7A3-EA7473C375EA}.AppStore|iPhoneSimulator.Deploy.0 = Debug|Any CPU
		{AD5DBFD0-F7D8-474D-B7A3-EA7473C375EA}.Debug|Any CPU.ActiveCfg = Debug|Any CPU
		{AD5DBFD0-F7D8-474D-B7A3-EA7473C375EA}.Debug|Any CPU.Build.0 = Debug|Any CPU
		{AD5DBFD0-F7D8-474D-B7A3-EA7473C375EA}.Debug|Any CPU.Deploy.0 = Debug|Any CPU
		{AD5DBFD0-F7D8-474D-B7A3-EA7473C375EA}.Debug|iPhone.ActiveCfg = Debug|Any CPU
		{AD5DBFD0-F7D8-474D-B7A3-EA7473C375EA}.Debug|iPhone.Build.0 = Debug|Any CPU
		{AD5DBFD0-F7D8-474D-B7A3-EA7473C375EA}.Debug|iPhone.Deploy.0 = Debug|Any CPU
		{AD5DBFD0-F7D8-474D-B7A3-EA7473C375EA}.Debug|iPhoneSimulator.ActiveCfg = Debug|Any CPU
		{AD5DBFD0-F7D8-474D-B7A3-EA7473C375EA}.Debug|iPhoneSimulator.Build.0 = Debug|Any CPU
		{AD5DBFD0-F7D8-474D-B7A3-EA7473C375EA}.Debug|iPhoneSimulator.Deploy.0 = Debug|Any CPU
		{AD5DBFD0-F7D8-474D-B7A3-EA7473C375EA}.Release|Any CPU.ActiveCfg = Release|Any CPU
		{AD5DBFD0-F7D8-474D-B7A3-EA7473C375EA}.Release|Any CPU.Build.0 = Release|Any CPU
		{AD5DBFD0-F7D8-474D-B7A3-EA7473C375EA}.Release|Any CPU.Deploy.0 = Release|Any CPU
		{AD5DBFD0-F7D8-474D-B7A3-EA7473C375EA}.Release|iPhone.ActiveCfg = Release|Any CPU
		{AD5DBFD0-F7D8-474D-B7A3-EA7473C375EA}.Release|iPhone.Build.0 = Release|Any CPU
		{AD5DBFD0-F7D8-474D-B7A3-EA7473C375EA}.Release|iPhone.Deploy.0 = Release|Any CPU
		{AD5DBFD0-F7D8-474D-B7A3-EA7473C375EA}.Release|iPhoneSimulator.ActiveCfg = Release|Any CPU
		{AD5DBFD0-F7D8-474D-B7A3-EA7473C375EA}.Release|iPhoneSimulator.Build.0 = Release|Any CPU
		{AD5DBFD0-F7D8-474D-B7A3-EA7473C375EA}.Release|iPhoneSimulator.Deploy.0 = Release|Any CPU
		{4D58B9C5-E459-48D3-B5C5-ADA556C57731}.Ad-Hoc|Any CPU.ActiveCfg = Ad-Hoc|iPhoneSimulator
		{4D58B9C5-E459-48D3-B5C5-ADA556C57731}.Ad-Hoc|iPhone.ActiveCfg = Ad-Hoc|iPhone
		{4D58B9C5-E459-48D3-B5C5-ADA556C57731}.Ad-Hoc|iPhone.Build.0 = Ad-Hoc|iPhone
		{4D58B9C5-E459-48D3-B5C5-ADA556C57731}.Ad-Hoc|iPhoneSimulator.ActiveCfg = Ad-Hoc|iPhoneSimulator
		{4D58B9C5-E459-48D3-B5C5-ADA556C57731}.Ad-Hoc|iPhoneSimulator.Build.0 = Ad-Hoc|iPhoneSimulator
		{4D58B9C5-E459-48D3-B5C5-ADA556C57731}.AppStore|Any CPU.ActiveCfg = AppStore|iPhoneSimulator
		{4D58B9C5-E459-48D3-B5C5-ADA556C57731}.AppStore|iPhone.ActiveCfg = AppStore|iPhone
		{4D58B9C5-E459-48D3-B5C5-ADA556C57731}.AppStore|iPhone.Build.0 = AppStore|iPhone
		{4D58B9C5-E459-48D3-B5C5-ADA556C57731}.AppStore|iPhoneSimulator.ActiveCfg = AppStore|iPhoneSimulator
		{4D58B9C5-E459-48D3-B5C5-ADA556C57731}.AppStore|iPhoneSimulator.Build.0 = AppStore|iPhoneSimulator
		{4D58B9C5-E459-48D3-B5C5-ADA556C57731}.Debug|Any CPU.ActiveCfg = Debug|iPhoneSimulator
		{4D58B9C5-E459-48D3-B5C5-ADA556C57731}.Debug|iPhone.ActiveCfg = Debug|iPhone
		{4D58B9C5-E459-48D3-B5C5-ADA556C57731}.Debug|iPhone.Build.0 = Debug|iPhone
		{4D58B9C5-E459-48D3-B5C5-ADA556C57731}.Debug|iPhoneSimulator.ActiveCfg = Debug|iPhoneSimulator
		{4D58B9C5-E459-48D3-B5C5-ADA556C57731}.Debug|iPhoneSimulator.Build.0 = Debug|iPhoneSimulator
		{4D58B9C5-E459-48D3-B5C5-ADA556C57731}.Release|Any CPU.ActiveCfg = Release|iPhoneSimulator
		{4D58B9C5-E459-48D3-B5C5-ADA556C57731}.Release|iPhone.ActiveCfg = Release|iPhone
		{4D58B9C5-E459-48D3-B5C5-ADA556C57731}.Release|iPhone.Build.0 = Release|iPhone
		{4D58B9C5-E459-48D3-B5C5-ADA556C57731}.Release|iPhoneSimulator.ActiveCfg = Release|iPhoneSimulator
		{4D58B9C5-E459-48D3-B5C5-ADA556C57731}.Release|iPhoneSimulator.Build.0 = Release|iPhoneSimulator
	EndGlobalSection
	GlobalSection(SolutionProperties) = preSolution
		HideSolutionNode = FALSE
	EndGlobalSection
	GlobalSection(NestedProjects) = preSolution
		{AD5DBFD0-F7D8-474D-B7A3-EA7473C375EA} = {BD315DB7-5143-417C-8202-9FB04DAEA934}
		{4D58B9C5-E459-48D3-B5C5-ADA556C57731} = {BD315DB7-5143-417C-8202-9FB04DAEA934}
	EndGlobalSection
	GlobalSection(ExtensibilityGlobals) = postSolution
		SolutionGuid = {7E5869D0-9C50-4E67-9FCB-4B2ACF387FD7}
	EndGlobalSection
EndGlobal
